<Solution>
  <Project Path="Assembly-CSharp-Editor.csproj" />
  <Project Path="Assembly-CSharp.csproj" />
  <Project Path="EditorTests.csproj" />
  <Project Path="GameCore.csproj" />
  <Project Path="miniscript/Miniscript.csproj" Id="0ee59762-af22-497d-8a0a-8e74fe9cb2b8" />
  <Project Path="MiniscriptConsole/MiniscriptConsole.csproj" />
  <Project Path="PlayModeTests.csproj" />
  <Project Path="sc.modeling.splines.editor.csproj" />
  <Project Path="sc.modeling.splines.runtime.csproj" />
  <Project Path="sc.terrain.painter.editor.csproj" />
  <Project Path="sc.terrain.painter.runtime.csproj" />
  <Project Path="UtilsCore.csproj" />
</Solution>
