<Solution>
  <Project Path="Assembly-CSharp.csproj" />
  <Project Path="GameCore.csproj" />
  <Project Path="sc.terrain.painter.editor.csproj" />
  <Project Path="PlayModeTests.csproj" />
  <Project Path="Assembly-CSharp-Editor.csproj" />
  <Project Path="sc.terrain.painter.runtime.csproj" />
  <Project Path="UtilsCore.csproj" />
  <Project Path="EditorTests.csproj" />
</Solution>
